// !$*UTF8*$!
{
	archiveVersion = 1;
	classes = {
	};
	objectVersion = 50;
	objects = {

/* Begin PBXBuildFile section */
		859D700A2125BD950073FA8C /* SwipeViewController.swift in Sources */ = {isa = PBXBuildFile; fileRef = 859D70092125BD950073FA8C /* SwipeViewController.swift */; };
		859D700C2125BDA50073FA8C /* Category.swift in Sources */ = {isa = PBXBuildFile; fileRef = 859D700B2125BDA50073FA8C /* Category.swift */; };
		859D700E2125BDB00073FA8C /* Item.swift in Sources */ = {isa = PBXBuildFile; fileRef = 859D700D2125BDB00073FA8C /* Item.swift */; };
		85BB975F2124DC0B0013364D /* AppDelegate.swift in Sources */ = {isa = PBXBuildFile; fileRef = 85BB975E2124DC0B0013364D /* AppDelegate.swift */; };
		85BB97642124DC0B0013364D /* Main.storyboard in Resources */ = {isa = PBXBuildFile; fileRef = 85BB97622124DC0B0013364D /* Main.storyboard */; };
		85BB97662124DC0C0013364D /* Assets.xcassets in Resources */ = {isa = PBXBuildFile; fileRef = 85BB97652124DC0C0013364D /* Assets.xcassets */; };
		85BB97692124DC0C0013364D /* LaunchScreen.storyboard in Resources */ = {isa = PBXBuildFile; fileRef = 85BB97672124DC0C0013364D /* LaunchScreen.storyboard */; };
		85BB97712124DCB40013364D /* CategoryViewController.swift in Sources */ = {isa = PBXBuildFile; fileRef = 85BB97702124DCB40013364D /* CategoryViewController.swift */; };
		85BB97732124DCCC0013364D /* ItemViewController.swift in Sources */ = {isa = PBXBuildFile; fileRef = 85BB97722124DCCC0013364D /* ItemViewController.swift */; };
		B1073E8654B999371F62318F /* Pods_Conquer_The_List.framework in Frameworks */ = {isa = PBXBuildFile; fileRef = B589B62D75DAFD375A38EF8D /* Pods_Conquer_The_List.framework */; };
/* End PBXBuildFile section */

/* Begin PBXFileReference section */
		5B0E6C0E1371F55CB5A801D2 /* Pods-Conquer The List.release.xcconfig */ = {isa = PBXFileReference; includeInIndex = 1; lastKnownFileType = text.xcconfig; name = "Pods-Conquer The List.release.xcconfig"; path = "Pods/Target Support Files/Pods-Conquer The List/Pods-Conquer The List.release.xcconfig"; sourceTree = "<group>"; };
		859D70092125BD950073FA8C /* SwipeViewController.swift */ = {isa = PBXFileReference; lastKnownFileType = sourcecode.swift; path = SwipeViewController.swift; sourceTree = "<group>"; };
		859D700B2125BDA50073FA8C /* Category.swift */ = {isa = PBXFileReference; lastKnownFileType = sourcecode.swift; path = Category.swift; sourceTree = "<group>"; };
		859D700D2125BDB00073FA8C /* Item.swift */ = {isa = PBXFileReference; lastKnownFileType = sourcecode.swift; path = Item.swift; sourceTree = "<group>"; };
		85BB975B2124DC0B0013364D /* Conquer The List.app */ = {isa = PBXFileReference; explicitFileType = wrapper.application; includeInIndex = 0; path = "Conquer The List.app"; sourceTree = BUILT_PRODUCTS_DIR; };
		85BB975E2124DC0B0013364D /* AppDelegate.swift */ = {isa = PBXFileReference; lastKnownFileType = sourcecode.swift; path = AppDelegate.swift; sourceTree = "<group>"; };
		85BB97632124DC0B0013364D /* Base */ = {isa = PBXFileReference; lastKnownFileType = file.storyboard; name = Base; path = Base.lproj/Main.storyboard; sourceTree = "<group>"; };
		85BB97652124DC0C0013364D /* Assets.xcassets */ = {isa = PBXFileReference; lastKnownFileType = folder.assetcatalog; path = Assets.xcassets; sourceTree = "<group>"; };
		85BB97682124DC0C0013364D /* Base */ = {isa = PBXFileReference; lastKnownFileType = file.storyboard; name = Base; path = Base.lproj/LaunchScreen.storyboard; sourceTree = "<group>"; };
		85BB976A2124DC0C0013364D /* Info.plist */ = {isa = PBXFileReference; lastKnownFileType = text.plist.xml; path = Info.plist; sourceTree = "<group>"; };
		85BB97702124DCB40013364D /* CategoryViewController.swift */ = {isa = PBXFileReference; lastKnownFileType = sourcecode.swift; path = CategoryViewController.swift; sourceTree = "<group>"; };
		85BB97722124DCCC0013364D /* ItemViewController.swift */ = {isa = PBXFileReference; lastKnownFileType = sourcecode.swift; path = ItemViewController.swift; sourceTree = "<group>"; };
		B589B62D75DAFD375A38EF8D /* Pods_Conquer_The_List.framework */ = {isa = PBXFileReference; explicitFileType = wrapper.framework; includeInIndex = 0; path = Pods_Conquer_The_List.framework; sourceTree = BUILT_PRODUCTS_DIR; };
		E9ACA46F1BEC0031D5D85088 /* Pods-Conquer The List.debug.xcconfig */ = {isa = PBXFileReference; includeInIndex = 1; lastKnownFileType = text.xcconfig; name = "Pods-Conquer The List.debug.xcconfig"; path = "Pods/Target Support Files/Pods-Conquer The List/Pods-Conquer The List.debug.xcconfig"; sourceTree = "<group>"; };
/* End PBXFileReference section */

/* Begin PBXFrameworksBuildPhase section */
		85BB97582124DC0B0013364D /* Frameworks */ = {
			isa = PBXFrameworksBuildPhase;
			buildActionMask = 2147483647;
			files = (
				B1073E8654B999371F62318F /* Pods_Conquer_The_List.framework in Frameworks */,
			);
			runOnlyForDeploymentPostprocessing = 0;
		};
/* End PBXFrameworksBuildPhase section */

/* Begin PBXGroup section */
		0312DC070AC4E1B73FC2872A /* Frameworks */ = {
			isa = PBXGroup;
			children = (
				B589B62D75DAFD375A38EF8D /* Pods_Conquer_The_List.framework */,
			);
			name = Frameworks;
			sourceTree = "<group>";
		};
		0DC366427E678391F22D6A14 /* Pods */ = {
			isa = PBXGroup;
			children = (
				E9ACA46F1BEC0031D5D85088 /* Pods-Conquer The List.debug.xcconfig */,
				5B0E6C0E1371F55CB5A801D2 /* Pods-Conquer The List.release.xcconfig */,
			);
			name = Pods;
			sourceTree = "<group>";
		};
		859D700F2125BDB60073FA8C /* Controller */ = {
			isa = PBXGroup;
			children = (
				85BB97702124DCB40013364D /* CategoryViewController.swift */,
				85BB97722124DCCC0013364D /* ItemViewController.swift */,
				859D70092125BD950073FA8C /* SwipeViewController.swift */,
			);
			path = Controller;
			sourceTree = "<group>";
		};
		859D70102125BDC10073FA8C /* Module */ = {
			isa = PBXGroup;
			children = (
				859D700B2125BDA50073FA8C /* Category.swift */,
				859D700D2125BDB00073FA8C /* Item.swift */,
			);
			path = Module;
			sourceTree = "<group>";
		};
		859D70112125BDCB0073FA8C /* View */ = {
			isa = PBXGroup;
			children = (
				85BB97622124DC0B0013364D /* Main.storyboard */,
			);
			path = View;
			sourceTree = "<group>";
		};
		859D70122125BDF60073FA8C /* Supporting Files */ = {
			isa = PBXGroup;
			children = (
				85BB97652124DC0C0013364D /* Assets.xcassets */,
				85BB97672124DC0C0013364D /* LaunchScreen.storyboard */,
			);
			path = "Supporting Files";
			sourceTree = "<group>";
		};
		85BB97522124DC0B0013364D = {
			isa = PBXGroup;
			children = (
				85BB975D2124DC0B0013364D /* Conquer The List */,
				85BB975C2124DC0B0013364D /* Products */,
				0DC366427E678391F22D6A14 /* Pods */,
				0312DC070AC4E1B73FC2872A /* Frameworks */,
			);
			sourceTree = "<group>";
		};
		85BB975C2124DC0B0013364D /* Products */ = {
			isa = PBXGroup;
			children = (
				85BB975B2124DC0B0013364D /* Conquer The List.app */,
			);
			name = Products;
			sourceTree = "<group>";
		};
		85BB975D2124DC0B0013364D /* Conquer The List */ = {
			isa = PBXGroup;
			children = (
				85BB975E2124DC0B0013364D /* AppDelegate.swift */,
				859D70102125BDC10073FA8C /* Module */,
				859D70112125BDCB0073FA8C /* View */,
				859D700F2125BDB60073FA8C /* Controller */,
				859D70122125BDF60073FA8C /* Supporting Files */,
				85BB976A2124DC0C0013364D /* Info.plist */,
			);
			path = "Conquer The List";
			sourceTree = "<group>";
		};
/* End PBXGroup section */

/* Begin PBXNativeTarget section */
		85BB975A2124DC0B0013364D /* Conquer The List */ = {
			isa = PBXNativeTarget;
			buildConfigurationList = 85BB976D2124DC0C0013364D /* Build configuration list for PBXNativeTarget "Conquer The List" */;
			buildPhases = (
				5AF95D3DC8C80EE431D52AF0 /* [CP] Check Pods Manifest.lock */,
				85BB97572124DC0B0013364D /* Sources */,
				85BB97582124DC0B0013364D /* Frameworks */,
				85BB97592124DC0B0013364D /* Resources */,
				938DED918445570969F785BB /* [CP] Embed Pods Frameworks */,
			);
			buildRules = (
			);
			dependencies = (
			);
			name = "Conquer The List";
			productName = "Conquer The List";
			productReference = 85BB975B2124DC0B0013364D /* Conquer The List.app */;
			productType = "com.apple.product-type.application";
		};
/* End PBXNativeTarget section */

/* Begin PBXProject section */
		85BB97532124DC0B0013364D /* Project object */ = {
			isa = PBXProject;
			attributes = {
				LastSwiftUpdateCheck = 0940;
				LastUpgradeCheck = 0940;
				ORGANIZATIONNAME = "James Forsythe";
				TargetAttributes = {
					85BB975A2124DC0B0013364D = {
						CreatedOnToolsVersion = 9.4.1;
						LastSwiftMigration = 1020;
					};
				};
			};
			buildConfigurationList = 85BB97562124DC0B0013364D /* Build configuration list for PBXProject "Conquer The List" */;
			compatibilityVersion = "Xcode 9.3";
			developmentRegion = en;
			hasScannedForEncodings = 0;
			knownRegions = (
				en,
				Base,
			);
			mainGroup = 85BB97522124DC0B0013364D;
			productRefGroup = 85BB975C2124DC0B0013364D /* Products */;
			projectDirPath = "";
			projectRoot = "";
			targets = (
				85BB975A2124DC0B0013364D /* Conquer The List */,
			);
		};
/* End PBXProject section */

/* Begin PBXResourcesBuildPhase section */
		85BB97592124DC0B0013364D /* Resources */ = {
			isa = PBXResourcesBuildPhase;
			buildActionMask = 2147483647;
			files = (
				85BB97692124DC0C0013364D /* LaunchScreen.storyboard in Resources */,
				85BB97662124DC0C0013364D /* Assets.xcassets in Resources */,
				85BB97642124DC0B0013364D /* Main.storyboard in Resources */,
			);
			runOnlyForDeploymentPostprocessing = 0;
		};
/* End PBXResourcesBuildPhase section */

/* Begin PBXShellScriptBuildPhase section */
		5AF95D3DC8C80EE431D52AF0 /* [CP] Check Pods Manifest.lock */ = {
			isa = PBXShellScriptBuildPhase;
			buildActionMask = 2147483647;
			files = (
			);
			inputPaths = (
				"${PODS_PODFILE_DIR_PATH}/Podfile.lock",
				"${PODS_ROOT}/Manifest.lock",
			);
			name = "[CP] Check Pods Manifest.lock";
			outputPaths = (
				"$(DERIVED_FILE_DIR)/Pods-Conquer The List-checkManifestLockResult.txt",
			);
			runOnlyForDeploymentPostprocessing = 0;
			shellPath = /bin/sh;
			shellScript = "diff \"${PODS_PODFILE_DIR_PATH}/Podfile.lock\" \"${PODS_ROOT}/Manifest.lock\" > /dev/null\nif [ $? != 0 ] ; then\n    # print error to STDERR\n    echo \"error: The sandbox is not in sync with the Podfile.lock. Run 'pod install' or update your CocoaPods installation.\" >&2\n    exit 1\nfi\n# This output is used by Xcode 'outputs' to avoid re-running this script phase.\necho \"SUCCESS\" > \"${SCRIPT_OUTPUT_FILE_0}\"\n";
			showEnvVarsInLog = 0;
		};
		938DED918445570969F785BB /* [CP] Embed Pods Frameworks */ = {
			isa = PBXShellScriptBuildPhase;
			buildActionMask = 2147483647;
			files = (
			);
			inputPaths = (
				"${PODS_ROOT}/Target Support Files/Pods-Conquer The List/Pods-Conquer The List-frameworks.sh",
				"${BUILT_PRODUCTS_DIR}/ChameleonFramework/ChameleonFramework.framework",
				"${BUILT_PRODUCTS_DIR}/Realm/Realm.framework",
				"${BUILT_PRODUCTS_DIR}/RealmSwift/RealmSwift.framework",
				"${BUILT_PRODUCTS_DIR}/SwipeCellKit/SwipeCellKit.framework",
			);
			name = "[CP] Embed Pods Frameworks";
			outputPaths = (
				"${TARGET_BUILD_DIR}/${FRAMEWORKS_FOLDER_PATH}/ChameleonFramework.framework",
				"${TARGET_BUILD_DIR}/${FRAMEWORKS_FOLDER_PATH}/Realm.framework",
				"${TARGET_BUILD_DIR}/${FRAMEWORKS_FOLDER_PATH}/RealmSwift.framework",
				"${TARGET_BUILD_DIR}/${FRAMEWORKS_FOLDER_PATH}/SwipeCellKit.framework",
			);
			runOnlyForDeploymentPostprocessing = 0;
			shellPath = /bin/sh;
			shellScript = "\"${PODS_ROOT}/Target Support Files/Pods-Conquer The List/Pods-Conquer The List-frameworks.sh\"\n";
			showEnvVarsInLog = 0;
		};
/* End PBXShellScriptBuildPhase section */

/* Begin PBXSourcesBuildPhase section */
		85BB97572124DC0B0013364D /* Sources */ = {
			isa = PBXSourcesBuildPhase;
			buildActionMask = 2147483647;
			files = (
				85BB97712124DCB40013364D /* CategoryViewController.swift in Sources */,
				859D700C2125BDA50073FA8C /* Category.swift in Sources */,
				85BB975F2124DC0B0013364D /* AppDelegate.swift in Sources */,
				85BB97732124DCCC0013364D /* ItemViewController.swift in Sources */,
				859D700E2125BDB00073FA8C /* Item.swift in Sources */,
				859D700A2125BD950073FA8C /* SwipeViewController.swift in Sources */,
			);
			runOnlyForDeploymentPostprocessing = 0;
		};
/* End PBXSourcesBuildPhase section */

/* Begin PBXVariantGroup section */
		85BB97622124DC0B0013364D /* Main.storyboard */ = {
			isa = PBXVariantGroup;
			children = (
				85BB97632124DC0B0013364D /* Base */,
			);
			name = Main.storyboard;
			sourceTree = "<group>";
		};
		85BB97672124DC0C0013364D /* LaunchScreen.storyboard */ = {
			isa = PBXVariantGroup;
			children = (
				85BB97682124DC0C0013364D /* Base */,
			);
			name = LaunchScreen.storyboard;
			sourceTree = "<group>";
		};
/* End PBXVariantGroup section */

/* Begin XCBuildConfiguration section */
		85BB976B2124DC0C0013364D /* Debug */ = {
			isa = XCBuildConfiguration;
			buildSettings = {
				ALWAYS_SEARCH_USER_PATHS = NO;
				CLANG_ANALYZER_NONNULL = YES;
				CLANG_ANALYZER_NUMBER_OBJECT_CONVERSION = YES_AGGRESSIVE;
				CLANG_CXX_LANGUAGE_STANDARD = "gnu++14";
				CLANG_CXX_LIBRARY = "libc++";
				CLANG_ENABLE_MODULES = YES;
				CLANG_ENABLE_OBJC_ARC = YES;
				CLANG_ENABLE_OBJC_WEAK = YES;
				CLANG_WARN_BLOCK_CAPTURE_AUTORELEASING = YES;
				CLANG_WARN_BOOL_CONVERSION = YES;
				CLANG_WARN_COMMA = YES;
				CLANG_WARN_CONSTANT_CONVERSION = YES;
				CLANG_WARN_DEPRECATED_OBJC_IMPLEMENTATIONS = YES;
				CLANG_WARN_DIRECT_OBJC_ISA_USAGE = YES_ERROR;
				CLANG_WARN_DOCUMENTATION_COMMENTS = YES;
				CLANG_WARN_EMPTY_BODY = YES;
				CLANG_WARN_ENUM_CONVERSION = YES;
				CLANG_WARN_INFINITE_RECURSION = YES;
				CLANG_WARN_INT_CONVERSION = YES;
				CLANG_WARN_NON_LITERAL_NULL_CONVERSION = YES;
				CLANG_WARN_OBJC_IMPLICIT_RETAIN_SELF = YES;
				CLANG_WARN_OBJC_LITERAL_CONVERSION = YES;
				CLANG_WARN_OBJC_ROOT_CLASS = YES_ERROR;
				CLANG_WARN_RANGE_LOOP_ANALYSIS = YES;
				CLANG_WARN_STRICT_PROTOTYPES = YES;
				CLANG_WARN_SUSPICIOUS_MOVE = YES;
				CLANG_WARN_UNGUARDED_AVAILABILITY = YES_AGGRESSIVE;
				CLANG_WARN_UNREACHABLE_CODE = YES;
				CLANG_WARN__DUPLICATE_METHOD_MATCH = YES;
				CODE_SIGN_IDENTITY = "iPhone Developer";
				COPY_PHASE_STRIP = NO;
				DEBUG_INFORMATION_FORMAT = dwarf;
				ENABLE_STRICT_OBJC_MSGSEND = YES;
				ENABLE_TESTABILITY = YES;
				GCC_C_LANGUAGE_STANDARD = gnu11;
				GCC_DYNAMIC_NO_PIC = NO;
				GCC_NO_COMMON_BLOCKS = YES;
				GCC_OPTIMIZATION_LEVEL = 0;
				GCC_PREPROCESSOR_DEFINITIONS = (
					"DEBUG=1",
					"$(inherited)",
				);
				GCC_WARN_64_TO_32_BIT_CONVERSION = YES;
				GCC_WARN_ABOUT_RETURN_TYPE = YES_ERROR;
				GCC_WARN_UNDECLARED_SELECTOR = YES;
				GCC_WARN_UNINITIALIZED_AUTOS = YES_AGGRESSIVE;
				GCC_WARN_UNUSED_FUNCTION = YES;
				GCC_WARN_UNUSED_VARIABLE = YES;
				IPHONEOS_DEPLOYMENT_TARGET = 11.4;
				MTL_ENABLE_DEBUG_INFO = YES;
				ONLY_ACTIVE_ARCH = YES;
				SDKROOT = iphoneos;
				SWIFT_ACTIVE_COMPILATION_CONDITIONS = DEBUG;
				SWIFT_OPTIMIZATION_LEVEL = "-Onone";
			};
			name = Debug;
		};
		85BB976C2124DC0C0013364D /* Release */ = {
			isa = XCBuildConfiguration;
			buildSettings = {
				ALWAYS_SEARCH_USER_PATHS = NO;
				CLANG_ANALYZER_NONNULL = YES;
				CLANG_ANALYZER_NUMBER_OBJECT_CONVERSION = YES_AGGRESSIVE;
				CLANG_CXX_LANGUAGE_STANDARD = "gnu++14";
				CLANG_CXX_LIBRARY = "libc++";
				CLANG_ENABLE_MODULES = YES;
				CLANG_ENABLE_OBJC_ARC = YES;
				CLANG_ENABLE_OBJC_WEAK = YES;
				CLANG_WARN_BLOCK_CAPTURE_AUTORELEASING = YES;
				CLANG_WARN_BOOL_CONVERSION = YES;
				CLANG_WARN_COMMA = YES;
				CLANG_WARN_CONSTANT_CONVERSION = YES;
				CLANG_WARN_DEPRECATED_OBJC_IMPLEMENTATIONS = YES;
				CLANG_WARN_DIRECT_OBJC_ISA_USAGE = YES_ERROR;
				CLANG_WARN_DOCUMENTATION_COMMENTS = YES;
				CLANG_WARN_EMPTY_BODY = YES;
				CLANG_WARN_ENUM_CONVERSION = YES;
				CLANG_WARN_INFINITE_RECURSION = YES;
				CLANG_WARN_INT_CONVERSION = YES;
				CLANG_WARN_NON_LITERAL_NULL_CONVERSION = YES;
				CLANG_WARN_OBJC_IMPLICIT_RETAIN_SELF = YES;
				CLANG_WARN_OBJC_LITERAL_CONVERSION = YES;
				CLANG_WARN_OBJC_ROOT_CLASS = YES_ERROR;
				CLANG_WARN_RANGE_LOOP_ANALYSIS = YES;
				CLANG_WARN_STRICT_PROTOTYPES = YES;
				CLANG_WARN_SUSPICIOUS_MOVE = YES;
				CLANG_WARN_UNGUARDED_AVAILABILITY = YES_AGGRESSIVE;
				CLANG_WARN_UNREACHABLE_CODE = YES;
				CLANG_WARN__DUPLICATE_METHOD_MATCH = YES;
				CODE_SIGN_IDENTITY = "iPhone Developer";
				COPY_PHASE_STRIP = NO;
				DEBUG_INFORMATION_FORMAT = "dwarf-with-dsym";
				ENABLE_NS_ASSERTIONS = NO;
				ENABLE_STRICT_OBJC_MSGSEND = YES;
				GCC_C_LANGUAGE_STANDARD = gnu11;
				GCC_NO_COMMON_BLOCKS = YES;
				GCC_WARN_64_TO_32_BIT_CONVERSION = YES;
				GCC_WARN_ABOUT_RETURN_TYPE = YES_ERROR;
				GCC_WARN_UNDECLARED_SELECTOR = YES;
				GCC_WARN_UNINITIALIZED_AUTOS = YES_AGGRESSIVE;
				GCC_WARN_UNUSED_FUNCTION = YES;
				GCC_WARN_UNUSED_VARIABLE = YES;
				IPHONEOS_DEPLOYMENT_TARGET = 11.4;
				MTL_ENABLE_DEBUG_INFO = NO;
				SDKROOT = iphoneos;
				SWIFT_COMPILATION_MODE = wholemodule;
				SWIFT_OPTIMIZATION_LEVEL = "-O";
				VALIDATE_PRODUCT = YES;
			};
			name = Release;
		};
		85BB976E2124DC0C0013364D /* Debug */ = {
			isa = XCBuildConfiguration;
			baseConfigurationReference = E9ACA46F1BEC0031D5D85088 /* Pods-Conquer The List.debug.xcconfig */;
			buildSettings = {
				ASSETCATALOG_COMPILER_APPICON_NAME = AppIcon;
				CODE_SIGN_IDENTITY = "iPhone Developer";
				CODE_SIGN_STYLE = Automatic;
				DEVELOPMENT_TEAM = JUD6PG98M2;
				INFOPLIST_FILE = "Conquer The List/Info.plist";
				LD_RUNPATH_SEARCH_PATHS = (
					"$(inherited)",
					"@executable_path/Frameworks",
				);
				PRODUCT_BUNDLE_IDENTIFIER = "com.james4sythe.Conquer-The-List";
				PRODUCT_NAME = "$(TARGET_NAME)";
				PROVISIONING_PROFILE = "";
				PROVISIONING_PROFILE_SPECIFIER = "";
				SWIFT_VERSION = 5.0;
				TARGETED_DEVICE_FAMILY = 1;
			};
			name = Debug;
		};
		85BB976F2124DC0C0013364D /* Release */ = {
			isa = XCBuildConfiguration;
			baseConfigurationReference = 5B0E6C0E1371F55CB5A801D2 /* Pods-Conquer The List.release.xcconfig */;
			buildSettings = {
				ASSETCATALOG_COMPILER_APPICON_NAME = AppIcon;
				CODE_SIGN_IDENTITY = "iPhone Developer";
				CODE_SIGN_STYLE = Automatic;
				DEVELOPMENT_TEAM = JUD6PG98M2;
				INFOPLIST_FILE = "Conquer The List/Info.plist";
				LD_RUNPATH_SEARCH_PATHS = (
					"$(inherited)",
					"@executable_path/Frameworks",
				);
				PRODUCT_BUNDLE_IDENTIFIER = "com.james4sythe.Conquer-The-List";
				PRODUCT_NAME = "$(TARGET_NAME)";
				PROVISIONING_PROFILE = "";
				PROVISIONING_PROFILE_SPECIFIER = "";
				SWIFT_VERSION = 5.0;
				TARGETED_DEVICE_FAMILY = 1;
			};
			name = Release;
		};
/* End XCBuildConfiguration section */

/* Begin XCConfigurationList section */
		85BB97562124DC0B0013364D /* Build configuration list for PBXProject "Conquer The List" */ = {
			isa = XCConfigurationList;
			buildConfigurations = (
				85BB976B2124DC0C0013364D /* Debug */,
				85BB976C2124DC0C0013364D /* Release */,
			);
			defaultConfigurationIsVisible = 0;
			defaultConfigurationName = Release;
		};
		85BB976D2124DC0C0013364D /* Build configuration list for PBXNativeTarget "Conquer The List" */ = {
			isa = XCConfigurationList;
			buildConfigurations = (
				85BB976E2124DC0C0013364D /* Debug */,
				85BB976F2124DC0C0013364D /* Release */,
			);
			defaultConfigurationIsVisible = 0;
			defaultConfigurationName = Release;
		};
/* End XCConfigurationList section */
	};
	rootObject = 85BB97532124DC0B0013364D /* Project object */;
}
